# This file is autogenerated, do not edit; changes may be undone by the next 'dep ensure'.


[[projects]]
  branch = "master"
  name = "github.com/btcsuite/btcd"
  packages = ["btcec"]
  revision = "1432d294a5b055c297457c25434efbf13384cc46"

[[projects]]
  name = "github.com/kristjank/ark-go"
  packages = [
    "arkcoin",
    "arkcoin/base58"
  ]
  revision = "6fc4a17af7ae114f2fc90dac589839052ddb9ebb"
  version = "v0.9.6"

[[projects]]
  branch = "master"
  name = "github.com/tyler-smith/go-bip39"
  packages = ["."]
  revision = "8e7a99b3e716f36d3b080a9a70f9eb45abe4edcc"

[[projects]]
  branch = "master"
  name = "golang.org/x/crypto"
  packages = [
    "pbkdf2",
    "ripemd160"
  ]
  revision = "1a580b3eff7814fc9b40602fd35256c63b50f491"

[solve-meta]
  analyzer-name = "dep"
  analyzer-version = 1
  inputs-digest = "6154f20fab97f376478255efaa9c622a21edb705002939c77212e36a3e829d05"
  solver-name = "gps-cdcl"
  solver-version = 1
