# This file is autogenerated, do not edit; changes may be undone by the next 'dep ensure'.


[[projects]]
  branch = "master"
  name = "github.com/btcsuite/btcd"
  packages = ["btcec"]
  revision = "2a560b2036bee5e3679ec2133eb6520b2f195213"

[[projects]]
  name = "github.com/kristjank/ark-go"
  packages = [
    "arkcoin",
    "arkcoin/base58"
  ]
  revision = "ef0397eeb0fdf56f6469ebaecbe31aa905297ee9"
  version = "v0.9.7"

[[projects]]
  branch = "master"
  name = "github.com/tyler-smith/go-bip39"
  packages = [
    ".",
    "wordlists"
  ]
  revision = "95c66720ed7ac2f4b78ddb31d940d59193894f49"

[[projects]]
  branch = "master"
  name = "golang.org/x/crypto"
  packages = [
    "pbkdf2",
    "ripemd160"
  ]
  revision = "e3636079e1a4c1f337f212cc5cd2aca108f6c900"

[solve-meta]
  analyzer-name = "dep"
  analyzer-version = 1
  inputs-digest = "6154f20fab97f376478255efaa9c622a21edb705002939c77212e36a3e829d05"
  solver-name = "gps-cdcl"
  solver-version = 1
